<?xml version="1.0" encoding="UTF-8"?>
<Scheme
   LastUpgradeVersion = "1430"
   version = "1.7">
   <BuildAction
      parallelizeBuildables = "YES"
      buildImplicitDependencies = "YES"
      runPostActionsOnFailure = "NO">
      <BuildActionEntries>
         <BuildActionEntry
            buildForTesting = "YES"
            buildForRunning = "YES"
            buildForProfiling = "YES"
            buildForArchiving = "YES"
            buildForAnalyzing = "YES">
            <BuildableReference
               BuildableIdentifier = "primary"
               BlueprintIdentifier = "C0F0CBF714476DF8D1ACD0BB"
               BuildableName = "ScottishPremiership2026.app"
               BlueprintName = "ScottishPremiership2026"
               ReferencedContainer = "container:BR2026.xcodeproj">
            </BuildableReference>
         </BuildActionEntry>
         <BuildActionEntry
            buildForTesting = "YES"
            buildForRunning = "NO"
            buildForProfiling = "NO"
            buildForArchiving = "NO"
            buildForAnalyzing = "NO">
            <BuildableReference
               BuildableIdentifier = "primary"
               BlueprintIdentifier = "78C6B9E9B67D1498742D6B7C"
               BuildableName = "BR2026Tests.xctest"
               BlueprintName = "BR2026Tests"
               ReferencedContainer = "container:BR2026.xcodeproj">
            </BuildableReference>
         </BuildActionEntry>
      </BuildActionEntries>
   </BuildAction>
   <TestAction
      buildConfiguration = "Debug"
      selectedDebuggerIdentifier = "Xcode.DebuggerFoundation.Debugger.LLDB"
      selectedLauncherIdentifier = "Xcode.DebuggerFoundation.Launcher.LLDB"
      shouldUseLaunchSchemeArgsEnv = "NO"
      onlyGenerateCoverageForSpecifiedTargets = "NO">
      <MacroExpansion>
         <BuildableReference
            BuildableIdentifier = "primary"
            BlueprintIdentifier = "C0F0CBF714476DF8D1ACD0BB"
            BuildableName = "ScottishPremiership2026.app"
            BlueprintName = "ScottishPremiership2026"
            ReferencedContainer = "container:BR2026.xcodeproj">
         </BuildableReference>
      </MacroExpansion>
      <Testables>
         <TestableReference
            skipped = "NO"
            parallelizable = "NO">
            <BuildableReference
               BuildableIdentifier = "primary"
               BlueprintIdentifier = "78C6B9E9B67D1498742D6B7C"
               BuildableName = "BR2026Tests.xctest"
               BlueprintName = "BR2026Tests"
               ReferencedContainer = "container:BR2026.xcodeproj">
            </BuildableReference>
         </TestableReference>
         <TestableReference
            skipped = "NO">
            <BuildableReference
               BuildableIdentifier = "primary"
               BlueprintIdentifier = "9A932244CA7F4616EF62261C"
               BuildableName = "BR2026UITests.xctest"
               BlueprintName = "BR2026UITests"
               ReferencedContainer = "container:BR2026.xcodeproj">
            </BuildableReference>
         </TestableReference>
      </Testables>
      <CommandLineArguments>
      </CommandLineArguments>
      <EnvironmentVariables>
         <EnvironmentVariable
            key = "SNAPSHOT_BUNDLE_ID"
            value = "$(SNAPSHOT_BUNDLE_ID)"
            isEnabled = "YES">
         </EnvironmentVariable>
      </EnvironmentVariables>
   </TestAction>
   <LaunchAction
      buildConfiguration = "Debug"
      selectedDebuggerIdentifier = "Xcode.DebuggerFoundation.Debugger.LLDB"
      selectedLauncherIdentifier = "Xcode.DebuggerFoundation.Launcher.LLDB"
      launchStyle = "0"
      useCustomWorkingDirectory = "NO"
      ignoresPersistentStateOnLaunch = "NO"
      debugDocumentVersioning = "YES"
      debugServiceExtension = "internal"
      allowLocationSimulation = "YES">
      <BuildableProductRunnable
         runnableDebuggingMode = "0">
         <BuildableReference
            BuildableIdentifier = "primary"
            BlueprintIdentifier = "C0F0CBF714476DF8D1ACD0BB"
            BuildableName = "ScottishPremiership2026.app"
            BlueprintName = "ScottishPremiership2026"
            ReferencedContainer = "container:BR2026.xcodeproj">
         </BuildableReference>
      </BuildableProductRunnable>
   </LaunchAction>
   <ProfileAction
      buildConfiguration = "Release"
      shouldUseLaunchSchemeArgsEnv = "YES"
      savedToolIdentifier = ""
      useCustomWorkingDirectory = "NO"
      debugDocumentVersioning = "YES">
      <BuildableProductRunnable
         runnableDebuggingMode = "0">
         <BuildableReference
            BuildableIdentifier = "primary"
            BlueprintIdentifier = "C0F0CBF714476DF8D1ACD0BB"
            BuildableName = "ScottishPremiership2026.app"
            BlueprintName = "ScottishPremiership2026"
            ReferencedContainer = "container:BR2026.xcodeproj">
         </BuildableReference>
      </BuildableProductRunnable>
   </ProfileAction>
   <AnalyzeAction
      buildConfiguration = "Debug">
   </AnalyzeAction>
   <ArchiveAction
      buildConfiguration = "Release"
      revealArchiveInOrganizer = "YES">
   </ArchiveAction>
</Scheme>
