// !$*UTF8*$!
{
	archiveVersion = 1;
	classes = {
	};
	objectVersion = 77;
	objects = {

/* Begin PBXBuildFile section */
		31BA31EA4A29964A06543FDB /* MatchTests.swift in Sources */ = {isa = PBXBuildFile; fileRef = 3F4983E807298262C5DAEE0E /* MatchTests.swift */; };
		3432F37F69FBB696BE78EB55 /* MockDataProvider.swift in Sources */ = {isa = PBXBuildFile; fileRef = 0A844C0ECC32FD3F7D98DE29 /* MockDataProvider.swift */; };
		3FAECBB260ED380206F4E114 /* MockMatchService.swift in Sources */ = {isa = PBXBuildFile; fileRef = 55E80D9527DD75B0E68B375B /* MockMatchService.swift */; };
		4AD15C140661C27BF97AED4F /* MockMatchServiceTests.swift in Sources */ = {isa = PBXBuildFile; fileRef = 20BCB3E771EFCC3E2FD0408A /* MockMatchServiceTests.swift */; };
		54691184E0904D30BAF093EA /* MatchService.swift in Sources */ = {isa = PBXBuildFile; fileRef = 659ECB4252F33FB9F3C7584B /* MatchService.swift */; };
		5F932DBF6602838329B74ED6 /* Match.swift in Sources */ = {isa = PBXBuildFile; fileRef = 308F9C6E61BA7C1AB62CA0A7 /* Match.swift */; };
		65FB0DB0FB93FBC756435AEF /* TeamTests.swift in Sources */ = {isa = PBXBuildFile; fileRef = 2FB99FAC9260CBA1C530BBB2 /* TeamTests.swift */; };
		690C074E4F5D6F5775D0459E /* Team.swift in Sources */ = {isa = PBXBuildFile; fileRef = E2857A2D8E548A98467A410B /* Team.swift */; };
		79426BB06F3E72A077E71A93 /* ChampionshipConfig.swift in Sources */ = {isa = PBXBuildFile; fileRef = 2EE35A6B06B0651D8BE817FD /* ChampionshipConfig.swift */; };
		7EF6D9B56463FB7C4D1035B2 /* Championship.swift in Sources */ = {isa = PBXBuildFile; fileRef = 5627533A840F20D9006D9F8A /* Championship.swift */; };
		8E06C4E252A5B7D1F880E71E /* StandingTests.swift in Sources */ = {isa = PBXBuildFile; fileRef = 4FDAD13F8EE9ECF9A0726C5C /* StandingTests.swift */; };
		8EEC933D6AD944A11DC7F48A /* Standing.swift in Sources */ = {isa = PBXBuildFile; fileRef = F194744AB9E4BA05D579DCF8 /* Standing.swift */; };
		9B5F0025CC1600678B3EDD4B /* MatchDTO.swift in Sources */ = {isa = PBXBuildFile; fileRef = C8C8271B85021BE25D113383 /* MatchDTO.swift */; };
		B5CA9CB82A647CFAF7F8FB80 /* MatchStatus.swift in Sources */ = {isa = PBXBuildFile; fileRef = 7A3FDFF0178CCA28BC4966E5 /* MatchStatus.swift */; };
		BDB0716BD639638081F1013B /* ChampionshipConfigTests.swift in Sources */ = {isa = PBXBuildFile; fileRef = EE97BD37168206AFAB21CDFC /* ChampionshipConfigTests.swift */; };
		F39E2DF00433A100A477E5AE /* ChampionshipTests.swift in Sources */ = {isa = PBXBuildFile; fileRef = DCD80DAD5A5BDD8D65E882E3 /* ChampionshipTests.swift */; };
/* End PBXBuildFile section */

/* Begin PBXContainerItemProxy section */
		5CCD9426547C1F41B92B921B /* PBXContainerItemProxy */ = {
			isa = PBXContainerItemProxy;
			containerPortal = 3E4F355F136861D2E02D29AB /* Project object */;
			proxyType = 1;
			remoteGlobalIDString = BF2B296103708425361D5A81;
			remoteInfo = Championship26;
		};
/* End PBXContainerItemProxy section */

/* Begin PBXFileReference section */
		06802C3BE75C9FF544FC2726 /* ChampionshipTests.xctest */ = {isa = PBXFileReference; includeInIndex = 0; lastKnownFileType = wrapper.cfbundle; path = ChampionshipTests.xctest; sourceTree = BUILT_PRODUCTS_DIR; };
		0A844C0ECC32FD3F7D98DE29 /* MockDataProvider.swift */ = {isa = PBXFileReference; lastKnownFileType = sourcecode.swift; path = MockDataProvider.swift; sourceTree = "<group>"; };
		1498C18F04919BFBCBF7C94C /* Championship26.app */ = {isa = PBXFileReference; includeInIndex = 0; lastKnownFileType = wrapper.application; path = Championship26.app; sourceTree = BUILT_PRODUCTS_DIR; };
		20BCB3E771EFCC3E2FD0408A /* MockMatchServiceTests.swift */ = {isa = PBXFileReference; lastKnownFileType = sourcecode.swift; path = MockMatchServiceTests.swift; sourceTree = "<group>"; };
		2EE35A6B06B0651D8BE817FD /* ChampionshipConfig.swift */ = {isa = PBXFileReference; lastKnownFileType = sourcecode.swift; path = ChampionshipConfig.swift; sourceTree = "<group>"; };
		2FB99FAC9260CBA1C530BBB2 /* TeamTests.swift */ = {isa = PBXFileReference; lastKnownFileType = sourcecode.swift; path = TeamTests.swift; sourceTree = "<group>"; };
		308F9C6E61BA7C1AB62CA0A7 /* Match.swift */ = {isa = PBXFileReference; lastKnownFileType = sourcecode.swift; path = Match.swift; sourceTree = "<group>"; };
		3F4983E807298262C5DAEE0E /* MatchTests.swift */ = {isa = PBXFileReference; lastKnownFileType = sourcecode.swift; path = MatchTests.swift; sourceTree = "<group>"; };
		4FDAD13F8EE9ECF9A0726C5C /* StandingTests.swift */ = {isa = PBXFileReference; lastKnownFileType = sourcecode.swift; path = StandingTests.swift; sourceTree = "<group>"; };
		55E80D9527DD75B0E68B375B /* MockMatchService.swift */ = {isa = PBXFileReference; lastKnownFileType = sourcecode.swift; path = MockMatchService.swift; sourceTree = "<group>"; };
		5627533A840F20D9006D9F8A /* Championship.swift */ = {isa = PBXFileReference; lastKnownFileType = sourcecode.swift; path = Championship.swift; sourceTree = "<group>"; };
		659ECB4252F33FB9F3C7584B /* MatchService.swift */ = {isa = PBXFileReference; lastKnownFileType = sourcecode.swift; path = MatchService.swift; sourceTree = "<group>"; };
		7A3FDFF0178CCA28BC4966E5 /* MatchStatus.swift */ = {isa = PBXFileReference; lastKnownFileType = sourcecode.swift; path = MatchStatus.swift; sourceTree = "<group>"; };
		C8C8271B85021BE25D113383 /* MatchDTO.swift */ = {isa = PBXFileReference; lastKnownFileType = sourcecode.swift; path = MatchDTO.swift; sourceTree = "<group>"; };
		D9C3E516C795E8DD30B04AA6 /* Secrets.xcconfig */ = {isa = PBXFileReference; lastKnownFileType = text.xcconfig; path = Secrets.xcconfig; sourceTree = "<group>"; };
		DCD80DAD5A5BDD8D65E882E3 /* ChampionshipTests.swift */ = {isa = PBXFileReference; lastKnownFileType = sourcecode.swift; path = ChampionshipTests.swift; sourceTree = "<group>"; };
		E2857A2D8E548A98467A410B /* Team.swift */ = {isa = PBXFileReference; lastKnownFileType = sourcecode.swift; path = Team.swift; sourceTree = "<group>"; };
		EE97BD37168206AFAB21CDFC /* ChampionshipConfigTests.swift */ = {isa = PBXFileReference; lastKnownFileType = sourcecode.swift; path = ChampionshipConfigTests.swift; sourceTree = "<group>"; };
		F194744AB9E4BA05D579DCF8 /* Standing.swift */ = {isa = PBXFileReference; lastKnownFileType = sourcecode.swift; path = Standing.swift; sourceTree = "<group>"; };
/* End PBXFileReference section */

/* Begin PBXGroup section */
		016D117240E10FE0A5C4F5E7 /* Products */ = {
			isa = PBXGroup;
			children = (
				1498C18F04919BFBCBF7C94C /* Championship26.app */,
				06802C3BE75C9FF544FC2726 /* ChampionshipTests.xctest */,
			);
			name = Products;
			sourceTree = "<group>";
		};
		0F58443D340362952999807B /* Services */ = {
			isa = PBXGroup;
			children = (
				20BCB3E771EFCC3E2FD0408A /* MockMatchServiceTests.swift */,
			);
			path = Services;
			sourceTree = "<group>";
		};
		2139E8FE829DD1C0122DDA60 /* Services */ = {
			isa = PBXGroup;
			children = (
				659ECB4252F33FB9F3C7584B /* MatchService.swift */,
				55E80D9527DD75B0E68B375B /* MockMatchService.swift */,
			);
			path = Services;
			sourceTree = "<group>";
		};
		40B2B0985F0BC3B82F2D66C2 /* Config */ = {
			isa = PBXGroup;
			children = (
				2EE35A6B06B0651D8BE817FD /* ChampionshipConfig.swift */,
			);
			path = Config;
			sourceTree = "<group>";
		};
		8656A0D26D4695F9E2917AFB /* Models */ = {
			isa = PBXGroup;
			children = (
				308F9C6E61BA7C1AB62CA0A7 /* Match.swift */,
				C8C8271B85021BE25D113383 /* MatchDTO.swift */,
				7A3FDFF0178CCA28BC4966E5 /* MatchStatus.swift */,
				F194744AB9E4BA05D579DCF8 /* Standing.swift */,
				E2857A2D8E548A98467A410B /* Team.swift */,
			);
			path = Models;
			sourceTree = "<group>";
		};
		885D7F4FC438BE589F21DB2E = {
			isa = PBXGroup;
			children = (
				B94ECF901299240A04ED284E /* Championship26 */,
				BF6FBA41506FD80D5E0AEF44 /* ChampionshipTests */,
				986C9610918168F0FFA6D5CA /* footballWhiteLabel */,
				016D117240E10FE0A5C4F5E7 /* Products */,
			);
			sourceTree = "<group>";
		};
		892ACDCF192A0592EF6F9331 /* Models */ = {
			isa = PBXGroup;
			children = (
				3F4983E807298262C5DAEE0E /* MatchTests.swift */,
				4FDAD13F8EE9ECF9A0726C5C /* StandingTests.swift */,
				2FB99FAC9260CBA1C530BBB2 /* TeamTests.swift */,
			);
			path = Models;
			sourceTree = "<group>";
		};
		897B80643AD917D0C4F96B75 /* Config */ = {
			isa = PBXGroup;
			children = (
				EE97BD37168206AFAB21CDFC /* ChampionshipConfigTests.swift */,
			);
			path = Config;
			sourceTree = "<group>";
		};
		986C9610918168F0FFA6D5CA /* footballWhiteLabel */ = {
			isa = PBXGroup;
			children = (
				D9C3E516C795E8DD30B04AA6 /* Secrets.xcconfig */,
			);
			name = footballWhiteLabel;
			path = .;
			sourceTree = "<group>";
		};
		B94ECF901299240A04ED284E /* Championship26 */ = {
			isa = PBXGroup;
			children = (
				FDC1A71430A6974AA807B8E5 /* App */,
				40B2B0985F0BC3B82F2D66C2 /* Config */,
				F73BC287385D0F0638E957E5 /* MockData */,
				8656A0D26D4695F9E2917AFB /* Models */,
				2139E8FE829DD1C0122DDA60 /* Services */,
			);
			path = Championship26;
			sourceTree = "<group>";
		};
		BF6FBA41506FD80D5E0AEF44 /* ChampionshipTests */ = {
			isa = PBXGroup;
			children = (
				DCD80DAD5A5BDD8D65E882E3 /* ChampionshipTests.swift */,
				897B80643AD917D0C4F96B75 /* Config */,
				892ACDCF192A0592EF6F9331 /* Models */,
				0F58443D340362952999807B /* Services */,
			);
			path = ChampionshipTests;
			sourceTree = "<group>";
		};
		F73BC287385D0F0638E957E5 /* MockData */ = {
			isa = PBXGroup;
			children = (
				0A844C0ECC32FD3F7D98DE29 /* MockDataProvider.swift */,
			);
			path = MockData;
			sourceTree = "<group>";
		};
		FDC1A71430A6974AA807B8E5 /* App */ = {
			isa = PBXGroup;
			children = (
				5627533A840F20D9006D9F8A /* Championship.swift */,
			);
			path = App;
			sourceTree = "<group>";
		};
/* End PBXGroup section */

/* Begin PBXNativeTarget section */
		A29D2BBDAC555E5A512B17D2 /* ChampionshipTests */ = {
			isa = PBXNativeTarget;
			buildConfigurationList = A3EB1D2A6923DCBBDCD8F3D8 /* Build configuration list for PBXNativeTarget "ChampionshipTests" */;
			buildPhases = (
				8BB4948CC13EA8ABDC160F69 /* Sources */,
			);
			buildRules = (
			);
			dependencies = (
				1F07D19D8CE85F441D18595A /* PBXTargetDependency */,
			);
			name = ChampionshipTests;
			packageProductDependencies = (
			);
			productName = ChampionshipTests;
			productReference = 06802C3BE75C9FF544FC2726 /* ChampionshipTests.xctest */;
			productType = "com.apple.product-type.bundle.unit-test";
		};
		BF2B296103708425361D5A81 /* Championship26 */ = {
			isa = PBXNativeTarget;
			buildConfigurationList = 4808E66CA41D28B2B1203B7D /* Build configuration list for PBXNativeTarget "Championship26" */;
			buildPhases = (
				580281FF1A67881632B0A162 /* Sources */,
			);
			buildRules = (
			);
			dependencies = (
			);
			name = Championship26;
			packageProductDependencies = (
			);
			productName = Championship26;
			productReference = 1498C18F04919BFBCBF7C94C /* Championship26.app */;
			productType = "com.apple.product-type.application";
		};
/* End PBXNativeTarget section */

/* Begin PBXProject section */
		3E4F355F136861D2E02D29AB /* Project object */ = {
			isa = PBXProject;
			attributes = {
				BuildIndependentTargetsInParallel = YES;
				LastUpgradeCheck = 1430;
				TargetAttributes = {
				};
			};
			buildConfigurationList = D7F2D84354B5148FE5FA4E4F /* Build configuration list for PBXProject "Championship26" */;
			developmentRegion = en;
			hasScannedForEncodings = 0;
			knownRegions = (
				Base,
				en,
			);
			mainGroup = 885D7F4FC438BE589F21DB2E;
			minimizedProjectReferenceProxies = 1;
			preferredProjectObjectVersion = 77;
			productRefGroup = 016D117240E10FE0A5C4F5E7 /* Products */;
			projectDirPath = "";
			projectRoot = "";
			targets = (
				BF2B296103708425361D5A81 /* Championship26 */,
				A29D2BBDAC555E5A512B17D2 /* ChampionshipTests */,
			);
		};
/* End PBXProject section */

/* Begin PBXSourcesBuildPhase section */
		580281FF1A67881632B0A162 /* Sources */ = {
			isa = PBXSourcesBuildPhase;
			buildActionMask = 2147483647;
			files = (
				7EF6D9B56463FB7C4D1035B2 /* Championship.swift in Sources */,
				79426BB06F3E72A077E71A93 /* ChampionshipConfig.swift in Sources */,
				5F932DBF6602838329B74ED6 /* Match.swift in Sources */,
				9B5F0025CC1600678B3EDD4B /* MatchDTO.swift in Sources */,
				54691184E0904D30BAF093EA /* MatchService.swift in Sources */,
				B5CA9CB82A647CFAF7F8FB80 /* MatchStatus.swift in Sources */,
				3432F37F69FBB696BE78EB55 /* MockDataProvider.swift in Sources */,
				3FAECBB260ED380206F4E114 /* MockMatchService.swift in Sources */,
				8EEC933D6AD944A11DC7F48A /* Standing.swift in Sources */,
				690C074E4F5D6F5775D0459E /* Team.swift in Sources */,
			);
			runOnlyForDeploymentPostprocessing = 0;
		};
		8BB4948CC13EA8ABDC160F69 /* Sources */ = {
			isa = PBXSourcesBuildPhase;
			buildActionMask = 2147483647;
			files = (
				BDB0716BD639638081F1013B /* ChampionshipConfigTests.swift in Sources */,
				F39E2DF00433A100A477E5AE /* ChampionshipTests.swift in Sources */,
				31BA31EA4A29964A06543FDB /* MatchTests.swift in Sources */,
				4AD15C140661C27BF97AED4F /* MockMatchServiceTests.swift in Sources */,
				8E06C4E252A5B7D1F880E71E /* StandingTests.swift in Sources */,
				65FB0DB0FB93FBC756435AEF /* TeamTests.swift in Sources */,
			);
			runOnlyForDeploymentPostprocessing = 0;
		};
/* End PBXSourcesBuildPhase section */

/* Begin PBXTargetDependency section */
		1F07D19D8CE85F441D18595A /* PBXTargetDependency */ = {
			isa = PBXTargetDependency;
			target = BF2B296103708425361D5A81 /* Championship26 */;
			targetProxy = 5CCD9426547C1F41B92B921B /* PBXContainerItemProxy */;
		};
/* End PBXTargetDependency section */

/* Begin XCBuildConfiguration section */
		1CB5D59C0784618EC4DD81E2 /* Debug */ = {
			isa = XCBuildConfiguration;
			buildSettings = {
				BUNDLE_LOADER = "$(TEST_HOST)";
				LD_RUNPATH_SEARCH_PATHS = (
					"$(inherited)",
					"@executable_path/Frameworks",
					"@loader_path/Frameworks",
				);
				PRODUCT_BUNDLE_IDENTIFIER = com.vibrito.ChampionshipTests;
				SDKROOT = iphoneos;
				TARGETED_DEVICE_FAMILY = "1,2";
				TEST_HOST = "$(BUILT_PRODUCTS_DIR)/Championship26.app/Championship26";
			};
			name = Debug;
		};
		2FCCC9D8CA066EC6EF8C1C83 /* Release */ = {
			isa = XCBuildConfiguration;
			buildSettings = {
				BUNDLE_LOADER = "$(TEST_HOST)";
				LD_RUNPATH_SEARCH_PATHS = (
					"$(inherited)",
					"@executable_path/Frameworks",
					"@loader_path/Frameworks",
				);
				PRODUCT_BUNDLE_IDENTIFIER = com.vibrito.ChampionshipTests;
				SDKROOT = iphoneos;
				TARGETED_DEVICE_FAMILY = "1,2";
				TEST_HOST = "$(BUILT_PRODUCTS_DIR)/Championship26.app/Championship26";
			};
			name = Release;
		};
		4E8C8138B7EBDCFD3E18BD03 /* Debug */ = {
			isa = XCBuildConfiguration;
			buildSettings = {
				ASSETCATALOG_COMPILER_APPICON_NAME = AppIcon;
				CODE_SIGN_IDENTITY = "iPhone Developer";
				INFOPLIST_FILE = "Generated/Championship26-Info.plist";
				LD_RUNPATH_SEARCH_PATHS = (
					"$(inherited)",
					"@executable_path/Frameworks",
				);
				PRODUCT_BUNDLE_IDENTIFIER = com.vibrito.Championship26;
				SDKROOT = iphoneos;
				TARGETED_DEVICE_FAMILY = "1,2";
			};
			name = Debug;
		};
		56FD7A7B3ADEB1927BE2790A /* Debug */ = {
			isa = XCBuildConfiguration;
			baseConfigurationReference = D9C3E516C795E8DD30B04AA6 /* Secrets.xcconfig */;
			buildSettings = {
				ALWAYS_SEARCH_USER_PATHS = NO;
				CLANG_ANALYZER_NONNULL = YES;
				CLANG_ANALYZER_NUMBER_OBJECT_CONVERSION = YES_AGGRESSIVE;
				CLANG_CXX_LANGUAGE_STANDARD = "gnu++14";
				CLANG_CXX_LIBRARY = "libc++";
				CLANG_ENABLE_MODULES = YES;
				CLANG_ENABLE_OBJC_ARC = YES;
				CLANG_ENABLE_OBJC_WEAK = YES;
				CLANG_WARN_BLOCK_CAPTURE_AUTORELEASING = YES;
				CLANG_WARN_BOOL_CONVERSION = YES;
				CLANG_WARN_COMMA = YES;
				CLANG_WARN_CONSTANT_CONVERSION = YES;
				CLANG_WARN_DEPRECATED_OBJC_IMPLEMENTATIONS = YES;
				CLANG_WARN_DIRECT_OBJC_ISA_USAGE = YES_ERROR;
				CLANG_WARN_DOCUMENTATION_COMMENTS = YES;
				CLANG_WARN_EMPTY_BODY = YES;
				CLANG_WARN_ENUM_CONVERSION = YES;
				CLANG_WARN_INFINITE_RECURSION = YES;
				CLANG_WARN_INT_CONVERSION = YES;
				CLANG_WARN_NON_LITERAL_NULL_CONVERSION = YES;
				CLANG_WARN_OBJC_IMPLICIT_RETAIN_SELF = YES;
				CLANG_WARN_OBJC_LITERAL_CONVERSION = YES;
				CLANG_WARN_OBJC_ROOT_CLASS = YES_ERROR;
				CLANG_WARN_QUOTED_INCLUDE_IN_FRAMEWORK_HEADER = YES;
				CLANG_WARN_RANGE_LOOP_ANALYSIS = YES;
				CLANG_WARN_STRICT_PROTOTYPES = YES;
				CLANG_WARN_SUSPICIOUS_MOVE = YES;
				CLANG_WARN_UNGUARDED_AVAILABILITY = YES_AGGRESSIVE;
				CLANG_WARN_UNREACHABLE_CODE = YES;
				CLANG_WARN__DUPLICATE_METHOD_MATCH = YES;
				CODE_SIGNING_ALLOWED = NO;
				CODE_SIGNING_REQUIRED = NO;
				COPY_PHASE_STRIP = NO;
				DEBUG_INFORMATION_FORMAT = dwarf;
				ENABLE_STRICT_OBJC_MSGSEND = YES;
				ENABLE_TESTABILITY = YES;
				GCC_C_LANGUAGE_STANDARD = gnu11;
				GCC_DYNAMIC_NO_PIC = NO;
				GCC_NO_COMMON_BLOCKS = YES;
				GCC_OPTIMIZATION_LEVEL = 0;
				GCC_PREPROCESSOR_DEFINITIONS = (
					"$(inherited)",
					"DEBUG=1",
				);
				GCC_WARN_64_TO_32_BIT_CONVERSION = YES;
				GCC_WARN_ABOUT_RETURN_TYPE = YES_ERROR;
				GCC_WARN_UNDECLARED_SELECTOR = YES;
				GCC_WARN_UNINITIALIZED_AUTOS = YES_AGGRESSIVE;
				GCC_WARN_UNUSED_FUNCTION = YES;
				GCC_WARN_UNUSED_VARIABLE = YES;
				IPHONEOS_DEPLOYMENT_TARGET = 26.0;
				MTL_ENABLE_DEBUG_INFO = INCLUDE_SOURCE;
				MTL_FAST_MATH = YES;
				ONLY_ACTIVE_ARCH = YES;
				PRODUCT_NAME = "$(TARGET_NAME)";
				SDKROOT = iphoneos;
				SWIFT_ACTIVE_COMPILATION_CONDITIONS = DEBUG;
				SWIFT_OPTIMIZATION_LEVEL = "-Onone";
				SWIFT_VERSION = 6.0;
			};
			name = Debug;
		};
		74E9C61FEF22018A9B645EDE /* Release */ = {
			isa = XCBuildConfiguration;
			buildSettings = {
				ASSETCATALOG_COMPILER_APPICON_NAME = AppIcon;
				CODE_SIGN_IDENTITY = "iPhone Developer";
				INFOPLIST_FILE = "Generated/Championship26-Info.plist";
				LD_RUNPATH_SEARCH_PATHS = (
					"$(inherited)",
					"@executable_path/Frameworks",
				);
				PRODUCT_BUNDLE_IDENTIFIER = com.vibrito.Championship26;
				SDKROOT = iphoneos;
				TARGETED_DEVICE_FAMILY = "1,2";
			};
			name = Release;
		};
		CB11C096AE5126745F360D33 /* Release */ = {
			isa = XCBuildConfiguration;
			baseConfigurationReference = D9C3E516C795E8DD30B04AA6 /* Secrets.xcconfig */;
			buildSettings = {
				ALWAYS_SEARCH_USER_PATHS = NO;
				CLANG_ANALYZER_NONNULL = YES;
				CLANG_ANALYZER_NUMBER_OBJECT_CONVERSION = YES_AGGRESSIVE;
				CLANG_CXX_LANGUAGE_STANDARD = "gnu++14";
				CLANG_CXX_LIBRARY = "libc++";
				CLANG_ENABLE_MODULES = YES;
				CLANG_ENABLE_OBJC_ARC = YES;
				CLANG_ENABLE_OBJC_WEAK = YES;
				CLANG_WARN_BLOCK_CAPTURE_AUTORELEASING = YES;
				CLANG_WARN_BOOL_CONVERSION = YES;
				CLANG_WARN_COMMA = YES;
				CLANG_WARN_CONSTANT_CONVERSION = YES;
				CLANG_WARN_DEPRECATED_OBJC_IMPLEMENTATIONS = YES;
				CLANG_WARN_DIRECT_OBJC_ISA_USAGE = YES_ERROR;
				CLANG_WARN_DOCUMENTATION_COMMENTS = YES;
				CLANG_WARN_EMPTY_BODY = YES;
				CLANG_WARN_ENUM_CONVERSION = YES;
				CLANG_WARN_INFINITE_RECURSION = YES;
				CLANG_WARN_INT_CONVERSION = YES;
				CLANG_WARN_NON_LITERAL_NULL_CONVERSION = YES;
				CLANG_WARN_OBJC_IMPLICIT_RETAIN_SELF = YES;
				CLANG_WARN_OBJC_LITERAL_CONVERSION = YES;
				CLANG_WARN_OBJC_ROOT_CLASS = YES_ERROR;
				CLANG_WARN_QUOTED_INCLUDE_IN_FRAMEWORK_HEADER = YES;
				CLANG_WARN_RANGE_LOOP_ANALYSIS = YES;
				CLANG_WARN_STRICT_PROTOTYPES = YES;
				CLANG_WARN_SUSPICIOUS_MOVE = YES;
				CLANG_WARN_UNGUARDED_AVAILABILITY = YES_AGGRESSIVE;
				CLANG_WARN_UNREACHABLE_CODE = YES;
				CLANG_WARN__DUPLICATE_METHOD_MATCH = YES;
				CODE_SIGNING_ALLOWED = NO;
				CODE_SIGNING_REQUIRED = NO;
				COPY_PHASE_STRIP = NO;
				DEBUG_INFORMATION_FORMAT = "dwarf-with-dsym";
				ENABLE_NS_ASSERTIONS = NO;
				ENABLE_STRICT_OBJC_MSGSEND = YES;
				GCC_C_LANGUAGE_STANDARD = gnu11;
				GCC_NO_COMMON_BLOCKS = YES;
				GCC_WARN_64_TO_32_BIT_CONVERSION = YES;
				GCC_WARN_ABOUT_RETURN_TYPE = YES_ERROR;
				GCC_WARN_UNDECLARED_SELECTOR = YES;
				GCC_WARN_UNINITIALIZED_AUTOS = YES_AGGRESSIVE;
				GCC_WARN_UNUSED_FUNCTION = YES;
				GCC_WARN_UNUSED_VARIABLE = YES;
				IPHONEOS_DEPLOYMENT_TARGET = 26.0;
				MTL_ENABLE_DEBUG_INFO = NO;
				MTL_FAST_MATH = YES;
				PRODUCT_NAME = "$(TARGET_NAME)";
				SDKROOT = iphoneos;
				SWIFT_COMPILATION_MODE = wholemodule;
				SWIFT_OPTIMIZATION_LEVEL = "-O";
				SWIFT_VERSION = 6.0;
			};
			name = Release;
		};
/* End XCBuildConfiguration section */

/* Begin XCConfigurationList section */
		4808E66CA41D28B2B1203B7D /* Build configuration list for PBXNativeTarget "Championship26" */ = {
			isa = XCConfigurationList;
			buildConfigurations = (
				4E8C8138B7EBDCFD3E18BD03 /* Debug */,
				74E9C61FEF22018A9B645EDE /* Release */,
			);
			defaultConfigurationIsVisible = 0;
			defaultConfigurationName = Debug;
		};
		A3EB1D2A6923DCBBDCD8F3D8 /* Build configuration list for PBXNativeTarget "ChampionshipTests" */ = {
			isa = XCConfigurationList;
			buildConfigurations = (
				1CB5D59C0784618EC4DD81E2 /* Debug */,
				2FCCC9D8CA066EC6EF8C1C83 /* Release */,
			);
			defaultConfigurationIsVisible = 0;
			defaultConfigurationName = Debug;
		};
		D7F2D84354B5148FE5FA4E4F /* Build configuration list for PBXProject "Championship26" */ = {
			isa = XCConfigurationList;
			buildConfigurations = (
				56FD7A7B3ADEB1927BE2790A /* Debug */,
				CB11C096AE5126745F360D33 /* Release */,
			);
			defaultConfigurationIsVisible = 0;
			defaultConfigurationName = Debug;
		};
/* End XCConfigurationList section */
	};
	rootObject = 3E4F355F136861D2E02D29AB /* Project object */;
}
